<?xml version="1.0" encoding="utf-8"?>
<Project ToolsVersion="4.0" xmlns="http://schemas.microsoft.com/developer/msbuild/2003">
  <ItemGroup>
    <ClCompile Include="activations.c" />
    <ClCompile Include="activation_layer.c" />
    <ClCompile Include="batchnorm_layer.c" />
    <ClCompile Include="blas.c" />
    <ClCompile Include="box.c" />
    <ClCompile Include="col2im.c" />
    <ClCompile Include="connected_layer.c" />
    <ClCompile Include="convolutional_layer.c" />
    <ClCompile Include="cost_layer.c" />
    <ClCompile Include="darknet.c" />
    <ClCompile Include="data.c" />
    <ClCompile Include="detector.c" />
    <ClCompile Include="gemm.c" />
    <ClCompile Include="img2col.c" />
    <ClCompile Include="list.c" />
    <ClCompile Include="matrix.c" />
    <ClCompile Include="maxpool_layer.c" />
    <ClCompile Include="network.c" />
    <ClCompile Include="normalization_layer.c" />
    <ClCompile Include="option_list.c" />
    <ClCompile Include="parser.c" />
    <ClCompile Include="region_layer.c" />
    <ClCompile Include="reorg_layer.c" />
    <ClCompile Include="route_layer.c" />
    <ClCompile Include="shortcut_layer.c" />
    <ClCompile Include="softmax_layer.c" />
    <ClCompile Include="tree.cpp" />
    <ClCompile Include="utils.c" />
  </ItemGroup>
  <ItemGroup>
    <ClInclude Include="activations.h" />
    <ClInclude Include="batchnorm_layer.h" />
    <ClInclude Include="blas.h" />
    <ClInclude Include="col2im.h" />
    <ClInclude Include="connected_layer.h" />
    <ClInclude Include="convolutional_layer.h" />
    <ClInclude Include="cost_layer.h" />
    <ClInclude Include="detection_layer.h" />
    <ClInclude Include="maxpool_layer.h" />
    <ClInclude Include="normalization_layer.h" />
    <ClInclude Include="activation_layer.h" />
    <ClInclude Include="box.h" />
    <ClInclude Include="cuda.h" />
    <ClInclude Include="data.h" />
    <ClInclude Include="gemm.h" />
    <ClInclude Include="img2col.h" />
    <ClInclude Include="layer.h" />
    <ClInclude Include="list.h" />
    <ClInclude Include="matrix.h" />
    <ClInclude Include="network.h" />
    <ClInclude Include="option_list.h" />
    <ClInclude Include="parser.h" />
    <ClInclude Include="region_layer.h" />
    <ClInclude Include="reorg_layer.h" />
    <ClInclude Include="route_layer.h" />
    <ClInclude Include="shortcut_layer.h" />
    <ClInclude Include="softmax_layer.h" />
    <ClInclude Include="tree.h" />
    <ClInclude Include="utils.h" />
  </ItemGroup>
  <ItemGroup>
    <Filter Include="cfg">
      <UniqueIdentifier>{bf1e7918-970c-476a-a690-61f7665e8daa}</UniqueIdentifier>
    </Filter>
  </ItemGroup>
  <ItemGroup>
    <None Include="cfg\yolov2.cfg">
      <Filter>cfg</Filter>
    </None>
    <None Include="cfg\yolov2-tiny.cfg">
      <Filter>cfg</Filter>
    </None>
  </ItemGroup>
</Project>